# @generated by Move, please check-in and do not edit manually.

[move]
version = 3
manifest_digest = "FB67800C9515141D8F78E19AEF5F5EB217FBF9AD3D9781E31D802859305CBE15"
deps_digest = "F8BBB0CCB2491CA29A3DF03D6F92277A4F3574266507ACD77214D37ECA3F3082"
dependencies = [
  { id = "Sui", name = "Sui" },
]

[[move.package]]
id = "MoveStdlib"
source = { git = "https://github.com/MystenLabs/sui.git", rev = "framework/testnet", subdir = "crates/sui-framework/packages/move-stdlib" }

[[move.package]]
id = "Sui"
source = { git = "https://github.com/MystenLabs/sui.git", rev = "framework/testnet", subdir = "crates/sui-framework/packages/sui-framework" }

dependencies = [
  { id = "MoveStdlib", name = "MoveStdlib" },
]

[move.toolchain-version]
compiler-version = "1.61.2"
edition = "2024.beta"
flavor = "sui"

[env]

[env.mainnet]
chain-id = "35834a8a"
original-published-id = "0x1e881f5933f56d4db5ae61b35c87eb24d08ac370000c55a1124f836ab52ef058"
latest-published-id = "0x1e881f5933f56d4db5ae61b35c87eb24d08ac370000c55a1124f836ab52ef058"
published-version = "1"
